
Microsoft Visual Studio Solution File, Format Version 12.00
# Visual Studio Version 17
VisualStudioVersion = 17.9.34616.47
MinimumVisualStudioVersion = 10.0.40219.1
Project("{FAE04EC0-301F-11D3-BF4B-00C04F79EFBC}") = "Q1-WindowsService", "Q1-WindowsService\Q1-WindowsService.csproj", "{99AD088F-8B34-42A9-8903-FAD4D5F19E6E}"
EndProject
Global
	GlobalSection(SolutionConfigurationPlatforms) = preSolution
		Debug|Any CPU = Debug|Any CPU
		Release|Any CPU = Release|Any CPU
	EndGlobalSection
	GlobalSection(ProjectConfigurationPlatforms) = postSolution
		{99AD088F-8B34-42A9-8903-FAD4D5F19E6E}.Debug|Any CPU.ActiveCfg = Debug|Any CPU
		{99AD088F-8B34-42A9-8903-FAD4D5F19E6E}.Debug|Any CPU.Build.0 = Debug|Any CPU
		{99AD088F-8B34-42A9-8903-FAD4D5F19E6E}.Release|Any CPU.ActiveCfg = Release|Any CPU
		{99AD088F-8B34-42A9-8903-FAD4D5F19E6E}.Release|Any CPU.Build.0 = Release|Any CPU
	EndGlobalSection
	GlobalSection(SolutionProperties) = preSolution
		HideSolutionNode = FALSE
	EndGlobalSection
	GlobalSection(ExtensibilityGlobals) = postSolution
		SolutionGuid = {8CE4B898-A63F-4DDA-9D69-3DEB40FCD447}
	EndGlobalSection
EndGlobal
